// !$*UTF8*$!
{
	archiveVersion = 1;
	classes = {
	};
	objectVersion = 50;
	objects = {

/* Begin PBXBuildFile section */
		30C91A525EAA320221240FC2 /* Pods_iOS_Task.framework in Frameworks */ = {isa = PBXBuildFile; fileRef = FECDC71C678F8B7E10ED81AE /* Pods_iOS_Task.framework */; };
		42099E2C21B687EC0035C555 /* GoogleService-Info.plist in Resources */ = {isa = PBXBuildFile; fileRef = 42099E2B21B687EC0035C555 /* GoogleService-Info.plist */; };
		42574E8B2179C3FF0089F973 /* HomeTableView.swift in Sources */ = {isa = PBXBuildFile; fileRef = 42574E8A2179C3FF0089F973 /* HomeTableView.swift */; };
		42574E92217A4AB30089F973 /* RegisterViewController.swift in Sources */ = {isa = PBXBuildFile; fileRef = 42574E90217A4AB30089F973 /* RegisterViewController.swift */; };
		42574E93217A4AB30089F973 /* LoginViewController.swift in Sources */ = {isa = PBXBuildFile; fileRef = 42574E91217A4AB30089F973 /* LoginViewController.swift */; };
		42574E99217A4DC80089F973 /* UIViewController.swift in Sources */ = {isa = PBXBuildFile; fileRef = 42574E98217A4DC80089F973 /* UIViewController.swift */; };
		42574E9B217A4F5F0089F973 /* String.swift in Sources */ = {isa = PBXBuildFile; fileRef = 42574E9A217A4F5F0089F973 /* String.swift */; };
		42AE951F2179158000D437AF /* Country.swift in Sources */ = {isa = PBXBuildFile; fileRef = 42AE951E2179158000D437AF /* Country.swift */; };
		42FBACB32178CF6B002E0B96 /* AppDelegate.swift in Sources */ = {isa = PBXBuildFile; fileRef = 42FBACB22178CF6B002E0B96 /* AppDelegate.swift */; };
		42FBACB82178CF6B002E0B96 /* Main.storyboard in Resources */ = {isa = PBXBuildFile; fileRef = 42FBACB62178CF6B002E0B96 /* Main.storyboard */; };
		42FBACBA2178CF6D002E0B96 /* Assets.xcassets in Resources */ = {isa = PBXBuildFile; fileRef = 42FBACB92178CF6D002E0B96 /* Assets.xcassets */; };
		42FBACBD2178CF6D002E0B96 /* LaunchScreen.storyboard in Resources */ = {isa = PBXBuildFile; fileRef = 42FBACBB2178CF6D002E0B96 /* LaunchScreen.storyboard */; };
/* End PBXBuildFile section */

/* Begin PBXFileReference section */
		2B87BD51EA79D62126240CEE /* Pods-iOS Task.release.xcconfig */ = {isa = PBXFileReference; includeInIndex = 1; lastKnownFileType = text.xcconfig; name = "Pods-iOS Task.release.xcconfig"; path = "Pods/Target Support Files/Pods-iOS Task/Pods-iOS Task.release.xcconfig"; sourceTree = "<group>"; };
		42099E2B21B687EC0035C555 /* GoogleService-Info.plist */ = {isa = PBXFileReference; fileEncoding = 4; lastKnownFileType = text.plist.xml; path = "GoogleService-Info.plist"; sourceTree = SOURCE_ROOT; };
		42574E8A2179C3FF0089F973 /* HomeTableView.swift */ = {isa = PBXFileReference; lastKnownFileType = sourcecode.swift; path = HomeTableView.swift; sourceTree = "<group>"; };
		42574E90217A4AB30089F973 /* RegisterViewController.swift */ = {isa = PBXFileReference; fileEncoding = 4; lastKnownFileType = sourcecode.swift; path = RegisterViewController.swift; sourceTree = "<group>"; };
		42574E91217A4AB30089F973 /* LoginViewController.swift */ = {isa = PBXFileReference; fileEncoding = 4; lastKnownFileType = sourcecode.swift; path = LoginViewController.swift; sourceTree = "<group>"; };
		42574E98217A4DC80089F973 /* UIViewController.swift */ = {isa = PBXFileReference; lastKnownFileType = sourcecode.swift; path = UIViewController.swift; sourceTree = "<group>"; };
		42574E9A217A4F5F0089F973 /* String.swift */ = {isa = PBXFileReference; lastKnownFileType = sourcecode.swift; path = String.swift; sourceTree = "<group>"; };
		42AE951E2179158000D437AF /* Country.swift */ = {isa = PBXFileReference; lastKnownFileType = sourcecode.swift; path = Country.swift; sourceTree = "<group>"; };
		42FBACAF2178CF6B002E0B96 /* iOS Task.app */ = {isa = PBXFileReference; explicitFileType = wrapper.application; includeInIndex = 0; path = "iOS Task.app"; sourceTree = BUILT_PRODUCTS_DIR; };
		42FBACB22178CF6B002E0B96 /* AppDelegate.swift */ = {isa = PBXFileReference; lastKnownFileType = sourcecode.swift; path = AppDelegate.swift; sourceTree = "<group>"; };
		42FBACB72178CF6B002E0B96 /* Base */ = {isa = PBXFileReference; lastKnownFileType = file.storyboard; name = Base; path = Base.lproj/Main.storyboard; sourceTree = "<group>"; };
		42FBACB92178CF6D002E0B96 /* Assets.xcassets */ = {isa = PBXFileReference; lastKnownFileType = folder.assetcatalog; path = Assets.xcassets; sourceTree = "<group>"; };
		42FBACBC2178CF6D002E0B96 /* Base */ = {isa = PBXFileReference; lastKnownFileType = file.storyboard; name = Base; path = Base.lproj/LaunchScreen.storyboard; sourceTree = "<group>"; };
		42FBACBE2178CF6D002E0B96 /* Info.plist */ = {isa = PBXFileReference; lastKnownFileType = text.plist.xml; path = Info.plist; sourceTree = "<group>"; };
		EADE654A209238BE7545AA64 /* Pods-iOS Task.debug.xcconfig */ = {isa = PBXFileReference; includeInIndex = 1; lastKnownFileType = text.xcconfig; name = "Pods-iOS Task.debug.xcconfig"; path = "Pods/Target Support Files/Pods-iOS Task/Pods-iOS Task.debug.xcconfig"; sourceTree = "<group>"; };
		FECDC71C678F8B7E10ED81AE /* Pods_iOS_Task.framework */ = {isa = PBXFileReference; explicitFileType = wrapper.framework; includeInIndex = 0; path = Pods_iOS_Task.framework; sourceTree = BUILT_PRODUCTS_DIR; };
/* End PBXFileReference section */

/* Begin PBXFrameworksBuildPhase section */
		42FBACAC2178CF6B002E0B96 /* Frameworks */ = {
			isa = PBXFrameworksBuildPhase;
			buildActionMask = 2147483647;
			files = (
				30C91A525EAA320221240FC2 /* Pods_iOS_Task.framework in Frameworks */,
			);
			runOnlyForDeploymentPostprocessing = 0;
		};
/* End PBXFrameworksBuildPhase section */

/* Begin PBXGroup section */
		38F5553F9E5A5880BFAA9F57 /* Pods */ = {
			isa = PBXGroup;
			children = (
				EADE654A209238BE7545AA64 /* Pods-iOS Task.debug.xcconfig */,
				2B87BD51EA79D62126240CEE /* Pods-iOS Task.release.xcconfig */,
			);
			name = Pods;
			sourceTree = "<group>";
		};
		42574E94217A4C510089F973 /* Controllers */ = {
			isa = PBXGroup;
			children = (
				42574E9F217A64FF0089F973 /* Registration */,
				42574EA0217A65280089F973 /* Home */,
			);
			path = Controllers;
			sourceTree = "<group>";
		};
		42574E95217A4C820089F973 /* Models */ = {
			isa = PBXGroup;
			children = (
				42AE951E2179158000D437AF /* Country.swift */,
			);
			path = Models;
			sourceTree = "<group>";
		};
		42574E96217A4CBB0089F973 /* Views */ = {
			isa = PBXGroup;
			children = (
				42FBACB62178CF6B002E0B96 /* Main.storyboard */,
			);
			path = Views;
			sourceTree = "<group>";
		};
		42574E97217A4D960089F973 /* Helpers */ = {
			isa = PBXGroup;
			children = (
				42574E98217A4DC80089F973 /* UIViewController.swift */,
				42574E9A217A4F5F0089F973 /* String.swift */,
			);
			path = Helpers;
			sourceTree = "<group>";
		};
		42574E9F217A64FF0089F973 /* Registration */ = {
			isa = PBXGroup;
			children = (
				42574E91217A4AB30089F973 /* LoginViewController.swift */,
				42574E90217A4AB30089F973 /* RegisterViewController.swift */,
			);
			path = Registration;
			sourceTree = "<group>";
		};
		42574EA0217A65280089F973 /* Home */ = {
			isa = PBXGroup;
			children = (
				42574E8A2179C3FF0089F973 /* HomeTableView.swift */,
			);
			path = Home;
			sourceTree = "<group>";
		};
		42FBACA62178CF6B002E0B96 = {
			isa = PBXGroup;
			children = (
				42FBACB12178CF6B002E0B96 /* iOS Task */,
				42FBACB02178CF6B002E0B96 /* Products */,
				38F5553F9E5A5880BFAA9F57 /* Pods */,
				8E1F18F67D28AA02DA4661D5 /* Frameworks */,
			);
			sourceTree = "<group>";
		};
		42FBACB02178CF6B002E0B96 /* Products */ = {
			isa = PBXGroup;
			children = (
				42FBACAF2178CF6B002E0B96 /* iOS Task.app */,
			);
			name = Products;
			sourceTree = "<group>";
		};
		42FBACB12178CF6B002E0B96 /* iOS Task */ = {
			isa = PBXGroup;
			children = (
				42574E97217A4D960089F973 /* Helpers */,
				42574E96217A4CBB0089F973 /* Views */,
				42574E95217A4C820089F973 /* Models */,
				42574E94217A4C510089F973 /* Controllers */,
				42FBACB22178CF6B002E0B96 /* AppDelegate.swift */,
				42FBACB92178CF6D002E0B96 /* Assets.xcassets */,
				42FBACBB2178CF6D002E0B96 /* LaunchScreen.storyboard */,
				42FBACBE2178CF6D002E0B96 /* Info.plist */,
				42099E2B21B687EC0035C555 /* GoogleService-Info.plist */,
			);
			path = "iOS Task";
			sourceTree = "<group>";
		};
		8E1F18F67D28AA02DA4661D5 /* Frameworks */ = {
			isa = PBXGroup;
			children = (
				FECDC71C678F8B7E10ED81AE /* Pods_iOS_Task.framework */,
			);
			name = Frameworks;
			sourceTree = "<group>";
		};
/* End PBXGroup section */

/* Begin PBXNativeTarget section */
		42FBACAE2178CF6B002E0B96 /* iOS Task */ = {
			isa = PBXNativeTarget;
			buildConfigurationList = 42FBACC12178CF6D002E0B96 /* Build configuration list for PBXNativeTarget "iOS Task" */;
			buildPhases = (
				BD29B44882056F688EEB8123 /* [CP] Check Pods Manifest.lock */,
				42FBACAB2178CF6B002E0B96 /* Sources */,
				42FBACAC2178CF6B002E0B96 /* Frameworks */,
				42FBACAD2178CF6B002E0B96 /* Resources */,
				3E9653150EBEEC9BE66AB8CD /* [CP] Embed Pods Frameworks */,
			);
			buildRules = (
			);
			dependencies = (
			);
			name = "iOS Task";
			productName = "iOS Task";
			productReference = 42FBACAF2178CF6B002E0B96 /* iOS Task.app */;
			productType = "com.apple.product-type.application";
		};
/* End PBXNativeTarget section */

/* Begin PBXProject section */
		42FBACA72178CF6B002E0B96 /* Project object */ = {
			isa = PBXProject;
			attributes = {
				LastSwiftUpdateCheck = 0940;
				LastUpgradeCheck = 0940;
				ORGANIZATIONNAME = "Mohammed Mohsin Sayed";
				TargetAttributes = {
					42FBACAE2178CF6B002E0B96 = {
						CreatedOnToolsVersion = 9.4.1;
					};
				};
			};
			buildConfigurationList = 42FBACAA2178CF6B002E0B96 /* Build configuration list for PBXProject "iOS Task" */;
			compatibilityVersion = "Xcode 9.3";
			developmentRegion = en;
			hasScannedForEncodings = 0;
			knownRegions = (
				en,
				Base,
			);
			mainGroup = 42FBACA62178CF6B002E0B96;
			productRefGroup = 42FBACB02178CF6B002E0B96 /* Products */;
			projectDirPath = "";
			projectRoot = "";
			targets = (
				42FBACAE2178CF6B002E0B96 /* iOS Task */,
			);
		};
/* End PBXProject section */

/* Begin PBXResourcesBuildPhase section */
		42FBACAD2178CF6B002E0B96 /* Resources */ = {
			isa = PBXResourcesBuildPhase;
			buildActionMask = 2147483647;
			files = (
				42FBACBD2178CF6D002E0B96 /* LaunchScreen.storyboard in Resources */,
				42099E2C21B687EC0035C555 /* GoogleService-Info.plist in Resources */,
				42FBACBA2178CF6D002E0B96 /* Assets.xcassets in Resources */,
				42FBACB82178CF6B002E0B96 /* Main.storyboard in Resources */,
			);
			runOnlyForDeploymentPostprocessing = 0;
		};
/* End PBXResourcesBuildPhase section */

/* Begin PBXShellScriptBuildPhase section */
		3E9653150EBEEC9BE66AB8CD /* [CP] Embed Pods Frameworks */ = {
			isa = PBXShellScriptBuildPhase;
			buildActionMask = 2147483647;
			files = (
			);
			inputPaths = (
				"${SRCROOT}/Pods/Target Support Files/Pods-iOS Task/Pods-iOS Task-frameworks.sh",
				"${BUILT_PRODUCTS_DIR}/GTMSessionFetcher/GTMSessionFetcher.framework",
				"${BUILT_PRODUCTS_DIR}/GoogleUtilities/GoogleUtilities.framework",
				"${BUILT_PRODUCTS_DIR}/IQKeyboardManagerSwift/IQKeyboardManagerSwift.framework",
				"${BUILT_PRODUCTS_DIR}/NVActivityIndicatorView/NVActivityIndicatorView.framework",
				"${BUILT_PRODUCTS_DIR}/nanopb/nanopb.framework",
			);
			name = "[CP] Embed Pods Frameworks";
			outputPaths = (
				"${TARGET_BUILD_DIR}/${FRAMEWORKS_FOLDER_PATH}/GTMSessionFetcher.framework",
				"${TARGET_BUILD_DIR}/${FRAMEWORKS_FOLDER_PATH}/GoogleUtilities.framework",
				"${TARGET_BUILD_DIR}/${FRAMEWORKS_FOLDER_PATH}/IQKeyboardManagerSwift.framework",
				"${TARGET_BUILD_DIR}/${FRAMEWORKS_FOLDER_PATH}/NVActivityIndicatorView.framework",
				"${TARGET_BUILD_DIR}/${FRAMEWORKS_FOLDER_PATH}/nanopb.framework",
			);
			runOnlyForDeploymentPostprocessing = 0;
			shellPath = /bin/sh;
			shellScript = "\"${SRCROOT}/Pods/Target Support Files/Pods-iOS Task/Pods-iOS Task-frameworks.sh\"\n";
			showEnvVarsInLog = 0;
		};
		BD29B44882056F688EEB8123 /* [CP] Check Pods Manifest.lock */ = {
			isa = PBXShellScriptBuildPhase;
			buildActionMask = 2147483647;
			files = (
			);
			inputPaths = (
				"${PODS_PODFILE_DIR_PATH}/Podfile.lock",
				"${PODS_ROOT}/Manifest.lock",
			);
			name = "[CP] Check Pods Manifest.lock";
			outputPaths = (
				"$(DERIVED_FILE_DIR)/Pods-iOS Task-checkManifestLockResult.txt",
			);
			runOnlyForDeploymentPostprocessing = 0;
			shellPath = /bin/sh;
			shellScript = "diff \"${PODS_PODFILE_DIR_PATH}/Podfile.lock\" \"${PODS_ROOT}/Manifest.lock\" > /dev/null\nif [ $? != 0 ] ; then\n    # print error to STDERR\n    echo \"error: The sandbox is not in sync with the Podfile.lock. Run 'pod install' or update your CocoaPods installation.\" >&2\n    exit 1\nfi\n# This output is used by Xcode 'outputs' to avoid re-running this script phase.\necho \"SUCCESS\" > \"${SCRIPT_OUTPUT_FILE_0}\"\n";
			showEnvVarsInLog = 0;
		};
/* End PBXShellScriptBuildPhase section */

/* Begin PBXSourcesBuildPhase section */
		42FBACAB2178CF6B002E0B96 /* Sources */ = {
			isa = PBXSourcesBuildPhase;
			buildActionMask = 2147483647;
			files = (
				42574E99217A4DC80089F973 /* UIViewController.swift in Sources */,
				42574E93217A4AB30089F973 /* LoginViewController.swift in Sources */,
				42574E8B2179C3FF0089F973 /* HomeTableView.swift in Sources */,
				42574E92217A4AB30089F973 /* RegisterViewController.swift in Sources */,
				42FBACB32178CF6B002E0B96 /* AppDelegate.swift in Sources */,
				42AE951F2179158000D437AF /* Country.swift in Sources */,
				42574E9B217A4F5F0089F973 /* String.swift in Sources */,
			);
			runOnlyForDeploymentPostprocessing = 0;
		};
/* End PBXSourcesBuildPhase section */

/* Begin PBXVariantGroup section */
		42FBACB62178CF6B002E0B96 /* Main.storyboard */ = {
			isa = PBXVariantGroup;
			children = (
				42FBACB72178CF6B002E0B96 /* Base */,
			);
			name = Main.storyboard;
			sourceTree = "<group>";
		};
		42FBACBB2178CF6D002E0B96 /* LaunchScreen.storyboard */ = {
			isa = PBXVariantGroup;
			children = (
				42FBACBC2178CF6D002E0B96 /* Base */,
			);
			name = LaunchScreen.storyboard;
			sourceTree = "<group>";
		};
/* End PBXVariantGroup section */

/* Begin XCBuildConfiguration section */
		42FBACBF2178CF6D002E0B96 /* Debug */ = {
			isa = XCBuildConfiguration;
			buildSettings = {
				ALWAYS_SEARCH_USER_PATHS = NO;
				CLANG_ANALYZER_NONNULL = YES;
				CLANG_ANALYZER_NUMBER_OBJECT_CONVERSION = YES_AGGRESSIVE;
				CLANG_CXX_LANGUAGE_STANDARD = "gnu++14";
				CLANG_CXX_LIBRARY = "libc++";
				CLANG_ENABLE_MODULES = YES;
				CLANG_ENABLE_OBJC_ARC = YES;
				CLANG_ENABLE_OBJC_WEAK = YES;
				CLANG_WARN_BLOCK_CAPTURE_AUTORELEASING = YES;
				CLANG_WARN_BOOL_CONVERSION = YES;
				CLANG_WARN_COMMA = YES;
				CLANG_WARN_CONSTANT_CONVERSION = YES;
				CLANG_WARN_DEPRECATED_OBJC_IMPLEMENTATIONS = YES;
				CLANG_WARN_DIRECT_OBJC_ISA_USAGE = YES_ERROR;
				CLANG_WARN_DOCUMENTATION_COMMENTS = YES;
				CLANG_WARN_EMPTY_BODY = YES;
				CLANG_WARN_ENUM_CONVERSION = YES;
				CLANG_WARN_INFINITE_RECURSION = YES;
				CLANG_WARN_INT_CONVERSION = YES;
				CLANG_WARN_NON_LITERAL_NULL_CONVERSION = YES;
				CLANG_WARN_OBJC_IMPLICIT_RETAIN_SELF = YES;
				CLANG_WARN_OBJC_LITERAL_CONVERSION = YES;
				CLANG_WARN_OBJC_ROOT_CLASS = YES_ERROR;
				CLANG_WARN_RANGE_LOOP_ANALYSIS = YES;
				CLANG_WARN_STRICT_PROTOTYPES = YES;
				CLANG_WARN_SUSPICIOUS_MOVE = YES;
				CLANG_WARN_UNGUARDED_AVAILABILITY = YES_AGGRESSIVE;
				CLANG_WARN_UNREACHABLE_CODE = YES;
				CLANG_WARN__DUPLICATE_METHOD_MATCH = YES;
				CODE_SIGN_IDENTITY = "iPhone Developer";
				COPY_PHASE_STRIP = NO;
				DEBUG_INFORMATION_FORMAT = dwarf;
				ENABLE_STRICT_OBJC_MSGSEND = YES;
				ENABLE_TESTABILITY = YES;
				GCC_C_LANGUAGE_STANDARD = gnu11;
				GCC_DYNAMIC_NO_PIC = NO;
				GCC_NO_COMMON_BLOCKS = YES;
				GCC_OPTIMIZATION_LEVEL = 0;
				GCC_PREPROCESSOR_DEFINITIONS = (
					"DEBUG=1",
					"$(inherited)",
				);
				GCC_WARN_64_TO_32_BIT_CONVERSION = YES;
				GCC_WARN_ABOUT_RETURN_TYPE = YES_ERROR;
				GCC_WARN_UNDECLARED_SELECTOR = YES;
				GCC_WARN_UNINITIALIZED_AUTOS = YES_AGGRESSIVE;
				GCC_WARN_UNUSED_FUNCTION = YES;
				GCC_WARN_UNUSED_VARIABLE = YES;
				IPHONEOS_DEPLOYMENT_TARGET = 11.4;
				MTL_ENABLE_DEBUG_INFO = YES;
				ONLY_ACTIVE_ARCH = YES;
				SDKROOT = iphoneos;
				SWIFT_ACTIVE_COMPILATION_CONDITIONS = DEBUG;
				SWIFT_OPTIMIZATION_LEVEL = "-Onone";
			};
			name = Debug;
		};
		42FBACC02178CF6D002E0B96 /* Release */ = {
			isa = XCBuildConfiguration;
			buildSettings = {
				ALWAYS_SEARCH_USER_PATHS = NO;
				CLANG_ANALYZER_NONNULL = YES;
				CLANG_ANALYZER_NUMBER_OBJECT_CONVERSION = YES_AGGRESSIVE;
				CLANG_CXX_LANGUAGE_STANDARD = "gnu++14";
				CLANG_CXX_LIBRARY = "libc++";
				CLANG_ENABLE_MODULES = YES;
				CLANG_ENABLE_OBJC_ARC = YES;
				CLANG_ENABLE_OBJC_WEAK = YES;
				CLANG_WARN_BLOCK_CAPTURE_AUTORELEASING = YES;
				CLANG_WARN_BOOL_CONVERSION = YES;
				CLANG_WARN_COMMA = YES;
				CLANG_WARN_CONSTANT_CONVERSION = YES;
				CLANG_WARN_DEPRECATED_OBJC_IMPLEMENTATIONS = YES;
				CLANG_WARN_DIRECT_OBJC_ISA_USAGE = YES_ERROR;
				CLANG_WARN_DOCUMENTATION_COMMENTS = YES;
				CLANG_WARN_EMPTY_BODY = YES;
				CLANG_WARN_ENUM_CONVERSION = YES;
				CLANG_WARN_INFINITE_RECURSION = YES;
				CLANG_WARN_INT_CONVERSION = YES;
				CLANG_WARN_NON_LITERAL_NULL_CONVERSION = YES;
				CLANG_WARN_OBJC_IMPLICIT_RETAIN_SELF = YES;
				CLANG_WARN_OBJC_LITERAL_CONVERSION = YES;
				CLANG_WARN_OBJC_ROOT_CLASS = YES_ERROR;
				CLANG_WARN_RANGE_LOOP_ANALYSIS = YES;
				CLANG_WARN_STRICT_PROTOTYPES = YES;
				CLANG_WARN_SUSPICIOUS_MOVE = YES;
				CLANG_WARN_UNGUARDED_AVAILABILITY = YES_AGGRESSIVE;
				CLANG_WARN_UNREACHABLE_CODE = YES;
				CLANG_WARN__DUPLICATE_METHOD_MATCH = YES;
				CODE_SIGN_IDENTITY = "iPhone Developer";
				COPY_PHASE_STRIP = NO;
				DEBUG_INFORMATION_FORMAT = "dwarf-with-dsym";
				ENABLE_NS_ASSERTIONS = NO;
				ENABLE_STRICT_OBJC_MSGSEND = YES;
				GCC_C_LANGUAGE_STANDARD = gnu11;
				GCC_NO_COMMON_BLOCKS = YES;
				GCC_WARN_64_TO_32_BIT_CONVERSION = YES;
				GCC_WARN_ABOUT_RETURN_TYPE = YES_ERROR;
				GCC_WARN_UNDECLARED_SELECTOR = YES;
				GCC_WARN_UNINITIALIZED_AUTOS = YES_AGGRESSIVE;
				GCC_WARN_UNUSED_FUNCTION = YES;
				GCC_WARN_UNUSED_VARIABLE = YES;
				IPHONEOS_DEPLOYMENT_TARGET = 11.4;
				MTL_ENABLE_DEBUG_INFO = NO;
				SDKROOT = iphoneos;
				SWIFT_COMPILATION_MODE = wholemodule;
				SWIFT_OPTIMIZATION_LEVEL = "-O";
				VALIDATE_PRODUCT = YES;
			};
			name = Release;
		};
		42FBACC22178CF6D002E0B96 /* Debug */ = {
			isa = XCBuildConfiguration;
			baseConfigurationReference = EADE654A209238BE7545AA64 /* Pods-iOS Task.debug.xcconfig */;
			buildSettings = {
				ASSETCATALOG_COMPILER_APPICON_NAME = AppIcon;
				CODE_SIGN_IDENTITY = "iPhone Developer";
				CODE_SIGN_STYLE = Automatic;
				DEVELOPMENT_TEAM = "";
				INFOPLIST_FILE = "iOS Task/Info.plist";
				LD_RUNPATH_SEARCH_PATHS = (
					"$(inherited)",
					"@executable_path/Frameworks",
				);
				PRODUCT_BUNDLE_IDENTIFIER = "mohsin.iOS-Task";
				PRODUCT_NAME = "$(TARGET_NAME)";
				PROVISIONING_PROFILE_SPECIFIER = "";
				SWIFT_VERSION = 4.0;
				TARGETED_DEVICE_FAMILY = "1,2";
			};
			name = Debug;
		};
		42FBACC32178CF6D002E0B96 /* Release */ = {
			isa = XCBuildConfiguration;
			baseConfigurationReference = 2B87BD51EA79D62126240CEE /* Pods-iOS Task.release.xcconfig */;
			buildSettings = {
				ASSETCATALOG_COMPILER_APPICON_NAME = AppIcon;
				CODE_SIGN_IDENTITY = "iPhone Developer";
				CODE_SIGN_STYLE = Automatic;
				DEVELOPMENT_TEAM = "";
				INFOPLIST_FILE = "iOS Task/Info.plist";
				LD_RUNPATH_SEARCH_PATHS = (
					"$(inherited)",
					"@executable_path/Frameworks",
				);
				PRODUCT_BUNDLE_IDENTIFIER = "mohsin.iOS-Task";
				PRODUCT_NAME = "$(TARGET_NAME)";
				PROVISIONING_PROFILE_SPECIFIER = "";
				SWIFT_VERSION = 4.0;
				TARGETED_DEVICE_FAMILY = "1,2";
			};
			name = Release;
		};
/* End XCBuildConfiguration section */

/* Begin XCConfigurationList section */
		42FBACAA2178CF6B002E0B96 /* Build configuration list for PBXProject "iOS Task" */ = {
			isa = XCConfigurationList;
			buildConfigurations = (
				42FBACBF2178CF6D002E0B96 /* Debug */,
				42FBACC02178CF6D002E0B96 /* Release */,
			);
			defaultConfigurationIsVisible = 0;
			defaultConfigurationName = Release;
		};
		42FBACC12178CF6D002E0B96 /* Build configuration list for PBXNativeTarget "iOS Task" */ = {
			isa = XCConfigurationList;
			buildConfigurations = (
				42FBACC22178CF6D002E0B96 /* Debug */,
				42FBACC32178CF6D002E0B96 /* Release */,
			);
			defaultConfigurationIsVisible = 0;
			defaultConfigurationName = Release;
		};
/* End XCConfigurationList section */
	};
	rootObject = 42FBACA72178CF6B002E0B96 /* Project object */;
}
